Microsoft Visual Studio Solution File, Format Version 12.00
# Visual Studio Version 17
VisualStudioVersion = 17.5.2.0
MinimumVisualStudioVersion = 10.0.40219.1
Project("{FAE04EC0-301F-11D3-BF4B-00C04F79EFBC}") = "AdvancedRoutingTechniques", "AdvancedRoutingTechniques.csproj", "{8C8F7CD9-CABE-F2A2-EAA7-045D7143791D}"
EndProject
Global
	GlobalSection(SolutionConfigurationPlatforms) = preSolution
		Debug|Any CPU = Debug|Any CPU
		Release|Any CPU = Release|Any CPU
	EndGlobalSection
	GlobalSection(ProjectConfigurationPlatforms) = postSolution
		{8C8F7CD9-CABE-F2A2-EAA7-045D7143791D}.Debug|Any CPU.ActiveCfg = Debug|Any CPU
		{8C8F7CD9-CABE-F2A2-EAA7-045D7143791D}.Debug|Any CPU.Build.0 = Debug|Any CPU
		{8C8F7CD9-CABE-F2A2-EAA7-045D7143791D}.Release|Any CPU.ActiveCfg = Release|Any CPU
		{8C8F7CD9-CABE-F2A2-EAA7-045D7143791D}.Release|Any CPU.Build.0 = Release|Any CPU
	EndGlobalSection
	GlobalSection(SolutionProperties) = preSolution
		HideSolutionNode = FALSE
	EndGlobalSection
	GlobalSection(ExtensibilityGlobals) = postSolution
		SolutionGuid = {76DFB7EF-F9E0-49ED-AB0F-5246C8D59CB1}
	EndGlobalSection
EndGlobal
